
Microsoft Visual Studio Solution File, Format Version 12.00
# Visual Studio Version 17
VisualStudioVersion = 17.14.36401.2 d17.14
MinimumVisualStudioVersion = 10.0.40219.1
Project("{FAE04EC0-301F-11D3-BF4B-00C04F79EFBC}") = "LibraryApp", "LibraryApp\LibraryApp.csproj", "{C5E6A5BE-E858-4A62-82CC-D0A74C337353}"
EndProject
Global
	GlobalSection(SolutionConfigurationPlatforms) = preSolution
		Debug|Any CPU = Debug|Any CPU
		Release|Any CPU = Release|Any CPU
	EndGlobalSection
	GlobalSection(ProjectConfigurationPlatforms) = postSolution
		{C5E6A5BE-E858-4A62-82CC-D0A74C337353}.Debug|Any CPU.ActiveCfg = Debug|Any CPU
		{C5E6A5BE-E858-4A62-82CC-D0A74C337353}.Debug|Any CPU.Build.0 = Debug|Any CPU
		{C5E6A5BE-E858-4A62-82CC-D0A74C337353}.Release|Any CPU.ActiveCfg = Release|Any CPU
		{C5E6A5BE-E858-4A62-82CC-D0A74C337353}.Release|Any CPU.Build.0 = Release|Any CPU
	EndGlobalSection
	GlobalSection(SolutionProperties) = preSolution
		HideSolutionNode = FALSE
	EndGlobalSection
	GlobalSection(ExtensibilityGlobals) = postSolution
		SolutionGuid = {CF100D65-F60B-403C-8650-47089C9A8E38}
	EndGlobalSection
EndGlobal
